github.com/davecgh/go-spew v1.1.0 h1:ZDRjVQ15GmhC3fiQ8ni8+OwkZQO4DARzQgrnXU1Liz8=
github.com/davecgh/go-spew v1.1.0/go.mod h1:J7Y8YcW2NihsgmVo/mv3lAwl/skON4iLHjSsI+c5H38=
github.com/davecgh/go-spew v1.1.1 h1:vj9j/u1bqnvCEfJOwUhtlOARqs3+rkHYY13jYWTU97c=
github.com/davecgh/go-spew v1.1.1/go.mod h1:J7Y8YcW2NihsgmVo/mv3lAwl/skON4iLHjSsI+c5H38=
github.com/goal-web/contracts v0.0.0-20220120002635-287c7ed72d25/go.mod h1:lKHynU2Kgk6xyxL4afOJM4TO1kSa3RrCJ2bm5RtFMBw=
github.com/goal-web/contracts v0.0.0-20220120063121-9969779f8ff5 h1:hVeMh27KiHK0rnVaanSCPQO7UY5UzFZO5OY53yVn8LA=
github.com/goal-web/contracts v0.0.0-20220120063121-9969779f8ff5/go.mod h1:lKHynU2Kgk6xyxL4afOJM4TO1kSa3RrCJ2bm5RtFMBw=
github.com/goal-web/contracts v0.0.0-20220120064722-730db09bcdd1 h1:9wu//8a8iAkM1DMUz/pce9hLAIbL8IujUaIrsizDkno=
github.com/goal-web/contracts v0.0.0-20220120064722-730db09bcdd1/go.mod h1:lKHynU2Kgk6xyxL4afOJM4TO1kSa3RrCJ2bm5RtFMBw=
github.com/goal-web/contracts v0.0.0-20220120073727-bdaef5977d2f h1:C0MACACK0TNPN9ukuwH5m7Sy0yqeP4QbAo0GAvKGUtM=
github.com/goal-web/contracts v0.0.0-20220120073727-bdaef5977d2f/go.mod h1:lKHynU2Kgk6xyxL4afOJM4TO1kSa3RrCJ2bm5RtFMBw=
github.com/goal-web/contracts v0.0.0-20220120082934-6bccbf6c637e h1:2qn5vV+yY7kYqcyWdS23ymXUDMoKCj1Gh6U/2kiYFyg=
github.com/goal-web/contracts v0.0.0-20220120082934-6bccbf6c637e/go.mod h1:lKHynU2Kgk6xyxL4afOJM4TO1kSa3RrCJ2bm5RtFMBw=
github.com/goal-web/contracts v0.0.0-20220120093117-be8f72613bff h1:icWPUCgywE8+1zYemJ3t5mVHQBDVVprhVdhaULkrx9E=
github.com/goal-web/contracts v0.0.0-20220120093117-be8f72613bff/go.mod h1:lKHynU2Kgk6xyxL4afOJM4TO1kSa3RrCJ2bm5RtFMBw=
github.com/goal-web/contracts v0.1.9 h1:ucYqR7nBoClRPk0o1ZRU7VBkvBwRWx553ywlCW3f0BY=
github.com/goal-web/contracts v0.1.9/go.mod h1:lKHynU2Kgk6xyxL4afOJM4TO1kSa3RrCJ2bm5RtFMBw=
github.com/goal-web/contracts v0.1.10 h1:7Og5uQTcu/w4e7ndRl8zOsTZV55jQFCoxQffXP+0Buw=
github.com/goal-web/contracts v0.1.10/go.mod h1:lKHynU2Kgk6xyxL4afOJM4TO1kSa3RrCJ2bm5RtFMBw=
github.com/goal-web/contracts v0.1.11 h1:otWTk+4Sybu1GzZmw8i7lNHD58WeyQjKoe9xLJI2vF4=
github.com/goal-web/contracts v0.1.11/go.mod h1:lKHynU2Kgk6xyxL4afOJM4TO1kSa3RrCJ2bm5RtFMBw=
github.com/goal-web/contracts v0.1.13 h1:GC9uH1UI/wlYRC5jXptptAGjBirf43ocwZhqxXs5NkI=
github.com/goal-web/contracts v0.1.13/go.mod h1:lKHynU2Kgk6xyxL4afOJM4TO1kSa3RrCJ2bm5RtFMBw=
github.com/goal-web/supports v0.0.0-20220120022343-2b715d6e81fc h1:VsT1h9claNluQ2y0K2Qf8Q7dZeX040mZVgBjbOjwno8=
github.com/goal-web/supports v0.0.0-20220120022343-2b715d6e81fc/go.mod h1:F4to2eJ5J8Wasj+iC2Ks20YQChPuY5A6XyvKkvcxPYA=
github.com/goal-web/supports v0.1.1/go.mod h1:TlQ+7igTZhAN2//GcF9lM6hmi3xh/We/PxDjtFTB4Ow=
github.com/goal-web/supports v0.1.10 h1:SZx4ARHVK4Tp8R5/BlKdQjJ+xfMEZ7cOaZRtBXzy4GM=
github.com/goal-web/supports v0.1.10/go.mod h1:md5XsCyIjSwYO0qU+ECXd6kCtLm7OeiqgUjoC6vW284=
github.com/pmezard/go-difflib v1.0.0 h1:4DBwDE0NGyQoBHbLQYPwSUPoCMWR5BEzIk/f1lZbAQM=
github.com/pmezard/go-difflib v1.0.0/go.mod h1:iKH77koFhYxTK1pcRnkKkqfTogsbg7gZNVY4sRDYZ/4=
github.com/stretchr/objx v0.1.0/go.mod h1:HFkY916IF+rwdDfMAkV7OtwuqBVzrE8GR6GFx+wExME=
github.com/stretchr/testify v1.7.0 h1:nwc3DEeHmmLAfoZucVR881uASk0Mfjw8xYJ99tb5CcY=
github.com/stretchr/testify v1.7.0/go.mod h1:6Fq8oRcR53rry900zMqJjRRixrwX3KX962/h/Wwjteg=
github.com/xwb1989/sqlparser v0.0.0-20180606152119-120387863bf2 h1:zzrxE1FKn5ryBNl9eKOeqQ58Y/Qpo3Q9QNxKHX5uzzQ=
github.com/xwb1989/sqlparser v0.0.0-20180606152119-120387863bf2/go.mod h1:hzfGeIUDq/j97IG+FhNqkowIyEcD88LrW6fyU3K3WqY=
gopkg.in/check.v1 v0.0.0-20161208181325-20d25e280405 h1:yhCVgyC4o1eVCa2tZl7eS0r+SDo693bJlVdllGtEeKM=
gopkg.in/check.v1 v0.0.0-20161208181325-20d25e280405/go.mod h1:Co6ibVJAznAaIkqp8huTwlJQCZ016jof/cbN4VW5Yz0=
gopkg.in/yaml.v3 v3.0.0-20200313102051-9f266ea9e77c h1:dUUwHk2QECo/6vqA44rthZ8ie2QXMNeKRTHCNY2nXvo=
gopkg.in/yaml.v3 v3.0.0-20200313102051-9f266ea9e77c/go.mod h1:K4uyk7z7BCEPqu6E+C64Yfv1cQ7kz7rIZviUmN+EgEM=
gopkg.in/yaml.v3 v3.0.0-20200605160147-a5ece683394c h1:grhR+C34yXImVGp7EzNk+DTIk+323eIUWOmEevy6bDo=
gopkg.in/yaml.v3 v3.0.0-20200605160147-a5ece683394c/go.mod h1:K4uyk7z7BCEPqu6E+C64Yfv1cQ7kz7rIZviUmN+EgEM=
